
Microsoft Visual Studio Solution File, Format Version 12.00
# Visual Studio 15
VisualStudioVersion = 15.0.27130.2010
MinimumVisualStudioVersion = 10.0.40219.1
Project("{FAE04EC0-301F-11D3-BF4B-00C04F79EFBC}") = "TherapistAggregator", "TherapistAggregator\TherapistAggregator.csproj", "{C272E6D4-EC7E-4079-8D3D-9771542D66CD}"
EndProject
Project("{FAE04EC0-301F-11D3-BF4B-00C04F79EFBC}") = "TherapistsLowerSaxony", "TherapistsLowerSaxony\TherapistsLowerSaxony.csproj", "{8FF07F05-6DB1-4386-AA69-CF9E3972DFA9}"
EndProject
Project("{FAE04EC0-301F-11D3-BF4B-00C04F79EFBC}") = "Core", "..\PsychoSearch\Core\Core.csproj", "{67F9D3A8-F71E-4428-913F-C37AE82CDB24}"
EndProject
Project("{FAE04EC0-301F-11D3-BF4B-00C04F79EFBC}") = "Tests", "Tests\Tests.csproj", "{9D9AC56F-7CF0-4F06-A80B-3FEF44052AEB}"
EndProject
Global
	GlobalSection(SolutionConfigurationPlatforms) = preSolution
		Debug|Any CPU = Debug|Any CPU
		Debug|x86 = Debug|x86
		Release|Any CPU = Release|Any CPU
		Release|x86 = Release|x86
	EndGlobalSection
	GlobalSection(ProjectConfigurationPlatforms) = postSolution
		{C272E6D4-EC7E-4079-8D3D-9771542D66CD}.Debug|Any CPU.ActiveCfg = Debug|Any CPU
		{C272E6D4-EC7E-4079-8D3D-9771542D66CD}.Debug|Any CPU.Build.0 = Debug|Any CPU
		{C272E6D4-EC7E-4079-8D3D-9771542D66CD}.Debug|x86.ActiveCfg = Debug|Any CPU
		{C272E6D4-EC7E-4079-8D3D-9771542D66CD}.Debug|x86.Build.0 = Debug|Any CPU
		{C272E6D4-EC7E-4079-8D3D-9771542D66CD}.Release|Any CPU.ActiveCfg = Release|Any CPU
		{C272E6D4-EC7E-4079-8D3D-9771542D66CD}.Release|Any CPU.Build.0 = Release|Any CPU
		{C272E6D4-EC7E-4079-8D3D-9771542D66CD}.Release|x86.ActiveCfg = Release|Any CPU
		{C272E6D4-EC7E-4079-8D3D-9771542D66CD}.Release|x86.Build.0 = Release|Any CPU
		{8FF07F05-6DB1-4386-AA69-CF9E3972DFA9}.Debug|Any CPU.ActiveCfg = Debug|Any CPU
		{8FF07F05-6DB1-4386-AA69-CF9E3972DFA9}.Debug|Any CPU.Build.0 = Debug|Any CPU
		{8FF07F05-6DB1-4386-AA69-CF9E3972DFA9}.Debug|x86.ActiveCfg = Debug|Any CPU
		{8FF07F05-6DB1-4386-AA69-CF9E3972DFA9}.Debug|x86.Build.0 = Debug|Any CPU
		{8FF07F05-6DB1-4386-AA69-CF9E3972DFA9}.Release|Any CPU.ActiveCfg = Release|Any CPU
		{8FF07F05-6DB1-4386-AA69-CF9E3972DFA9}.Release|Any CPU.Build.0 = Release|Any CPU
		{8FF07F05-6DB1-4386-AA69-CF9E3972DFA9}.Release|x86.ActiveCfg = Release|Any CPU
		{8FF07F05-6DB1-4386-AA69-CF9E3972DFA9}.Release|x86.Build.0 = Release|Any CPU
		{67F9D3A8-F71E-4428-913F-C37AE82CDB24}.Debug|Any CPU.ActiveCfg = Debug|Any CPU
		{67F9D3A8-F71E-4428-913F-C37AE82CDB24}.Debug|Any CPU.Build.0 = Debug|Any CPU
		{67F9D3A8-F71E-4428-913F-C37AE82CDB24}.Debug|x86.ActiveCfg = Debug|x86
		{67F9D3A8-F71E-4428-913F-C37AE82CDB24}.Debug|x86.Build.0 = Debug|x86
		{67F9D3A8-F71E-4428-913F-C37AE82CDB24}.Release|Any CPU.ActiveCfg = Release|Any CPU
		{67F9D3A8-F71E-4428-913F-C37AE82CDB24}.Release|Any CPU.Build.0 = Release|Any CPU
		{67F9D3A8-F71E-4428-913F-C37AE82CDB24}.Release|x86.ActiveCfg = Release|x86
		{67F9D3A8-F71E-4428-913F-C37AE82CDB24}.Release|x86.Build.0 = Release|x86
		{9D9AC56F-7CF0-4F06-A80B-3FEF44052AEB}.Debug|Any CPU.ActiveCfg = Debug|Any CPU
		{9D9AC56F-7CF0-4F06-A80B-3FEF44052AEB}.Debug|Any CPU.Build.0 = Debug|Any CPU
		{9D9AC56F-7CF0-4F06-A80B-3FEF44052AEB}.Debug|x86.ActiveCfg = Debug|Any CPU
		{9D9AC56F-7CF0-4F06-A80B-3FEF44052AEB}.Debug|x86.Build.0 = Debug|Any CPU
		{9D9AC56F-7CF0-4F06-A80B-3FEF44052AEB}.Release|Any CPU.ActiveCfg = Release|Any CPU
		{9D9AC56F-7CF0-4F06-A80B-3FEF44052AEB}.Release|Any CPU.Build.0 = Release|Any CPU
		{9D9AC56F-7CF0-4F06-A80B-3FEF44052AEB}.Release|x86.ActiveCfg = Release|Any CPU
		{9D9AC56F-7CF0-4F06-A80B-3FEF44052AEB}.Release|x86.Build.0 = Release|Any CPU
	EndGlobalSection
	GlobalSection(SolutionProperties) = preSolution
		HideSolutionNode = FALSE
	EndGlobalSection
	GlobalSection(ExtensibilityGlobals) = postSolution
		SolutionGuid = {0D2CA227-CD09-469E-9208-B1E308C901EE}
	EndGlobalSection
EndGlobal
